// !$*UTF8*$!
{
	archiveVersion = 1;
	classes = {
	};
	objectVersion = 56;
	objects = {

/* Begin PBXBuildFile section */
		5C7B88CB2B4F42B10060D814 /* AppDelegate.swift in Sources */ = {isa = PBXBuildFile; fileRef = 5C7B88CA2B4F42B10060D814 /* AppDelegate.swift */; };
		5C7B88CD2B4F42B10060D814 /* SceneDelegate.swift in Sources */ = {isa = PBXBuildFile; fileRef = 5C7B88CC2B4F42B10060D814 /* SceneDelegate.swift */; };
		5C7B88CF2B4F42B10060D814 /* ViewController.swift in Sources */ = {isa = PBXBuildFile; fileRef = 5C7B88CE2B4F42B10060D814 /* ViewController.swift */; };
		5C7B88D22B4F42B10060D814 /* Main.storyboard in Resources */ = {isa = PBXBuildFile; fileRef = 5C7B88D02B4F42B10060D814 /* Main.storyboard */; };
		5C7B88D42B4F42B40060D814 /* Assets.xcassets in Resources */ = {isa = PBXBuildFile; fileRef = 5C7B88D32B4F42B40060D814 /* Assets.xcassets */; };
		5C7B88D72B4F42B40060D814 /* LaunchScreen.storyboard in Resources */ = {isa = PBXBuildFile; fileRef = 5C7B88D52B4F42B40060D814 /* LaunchScreen.storyboard */; };
		5C7B88E02B4F431B0060D814 /* BrazeKit in Frameworks */ = {isa = PBXBuildFile; productRef = 5C7B88DF2B4F431B0060D814 /* BrazeKit */; };
		5C7B88E22B4F431B0060D814 /* BrazeKitCompat in Frameworks */ = {isa = PBXBuildFile; productRef = 5C7B88E12B4F431B0060D814 /* BrazeKitCompat */; };
		5C7B88E42B4F431B0060D814 /* BrazeLocation in Frameworks */ = {isa = PBXBuildFile; productRef = 5C7B88E32B4F431B0060D814 /* BrazeLocation */; };
		5C7B88E62B4F431B0060D814 /* BrazeNotificationService in Frameworks */ = {isa = PBXBuildFile; productRef = 5C7B88E52B4F431B0060D814 /* BrazeNotificationService */; };
		5C7B88E82B4F431B0060D814 /* BrazePushStory in Frameworks */ = {isa = PBXBuildFile; productRef = 5C7B88E72B4F431B0060D814 /* BrazePushStory */; };
/* End PBXBuildFile section */

/* Begin PBXFileReference section */
		5C7B88C72B4F42B10060D814 /* BrazeSDKwithstoryboard.app */ = {isa = PBXFileReference; explicitFileType = wrapper.application; includeInIndex = 0; path = BrazeSDKwithstoryboard.app; sourceTree = BUILT_PRODUCTS_DIR; };
		5C7B88CA2B4F42B10060D814 /* AppDelegate.swift */ = {isa = PBXFileReference; lastKnownFileType = sourcecode.swift; path = AppDelegate.swift; sourceTree = "<group>"; };
		5C7B88CC2B4F42B10060D814 /* SceneDelegate.swift */ = {isa = PBXFileReference; lastKnownFileType = sourcecode.swift; path = SceneDelegate.swift; sourceTree = "<group>"; };
		5C7B88CE2B4F42B10060D814 /* ViewController.swift */ = {isa = PBXFileReference; lastKnownFileType = sourcecode.swift; path = ViewController.swift; sourceTree = "<group>"; };
		5C7B88D12B4F42B10060D814 /* Base */ = {isa = PBXFileReference; lastKnownFileType = file.storyboard; name = Base; path = Base.lproj/Main.storyboard; sourceTree = "<group>"; };
		5C7B88D32B4F42B40060D814 /* Assets.xcassets */ = {isa = PBXFileReference; lastKnownFileType = folder.assetcatalog; path = Assets.xcassets; sourceTree = "<group>"; };
		5C7B88D62B4F42B40060D814 /* Base */ = {isa = PBXFileReference; lastKnownFileType = file.storyboard; name = Base; path = Base.lproj/LaunchScreen.storyboard; sourceTree = "<group>"; };
		5C7B88D82B4F42B40060D814 /* Info.plist */ = {isa = PBXFileReference; lastKnownFileType = text.plist.xml; path = Info.plist; sourceTree = "<group>"; };
/* End PBXFileReference section */

/* Begin PBXFrameworksBuildPhase section */
		5C7B88C42B4F42B10060D814 /* Frameworks */ = {
			isa = PBXFrameworksBuildPhase;
			buildActionMask = 2147483647;
			files = (
				5C7B88E62B4F431B0060D814 /* BrazeNotificationService in Frameworks */,
				5C7B88E22B4F431B0060D814 /* BrazeKitCompat in Frameworks */,
				5C7B88E82B4F431B0060D814 /* BrazePushStory in Frameworks */,
				5C7B88E02B4F431B0060D814 /* BrazeKit in Frameworks */,
				5C7B88E42B4F431B0060D814 /* BrazeLocation in Frameworks */,
			);
			runOnlyForDeploymentPostprocessing = 0;
		};
/* End PBXFrameworksBuildPhase section */

/* Begin PBXGroup section */
		5C7B88BE2B4F42B10060D814 = {
			isa = PBXGroup;
			children = (
				5C7B88C92B4F42B10060D814 /* BrazeSDKwithstoryboard */,
				5C7B88C82B4F42B10060D814 /* Products */,
			);
			sourceTree = "<group>";
		};
		5C7B88C82B4F42B10060D814 /* Products */ = {
			isa = PBXGroup;
			children = (
				5C7B88C72B4F42B10060D814 /* BrazeSDKwithstoryboard.app */,
			);
			name = Products;
			sourceTree = "<group>";
		};
		5C7B88C92B4F42B10060D814 /* BrazeSDKwithstoryboard */ = {
			isa = PBXGroup;
			children = (
				5C7B88CA2B4F42B10060D814 /* AppDelegate.swift */,
				5C7B88CC2B4F42B10060D814 /* SceneDelegate.swift */,
				5C7B88CE2B4F42B10060D814 /* ViewController.swift */,
				5C7B88D02B4F42B10060D814 /* Main.storyboard */,
				5C7B88D32B4F42B40060D814 /* Assets.xcassets */,
				5C7B88D52B4F42B40060D814 /* LaunchScreen.storyboard */,
				5C7B88D82B4F42B40060D814 /* Info.plist */,
			);
			path = BrazeSDKwithstoryboard;
			sourceTree = "<group>";
		};
/* End PBXGroup section */

/* Begin PBXNativeTarget section */
		5C7B88C62B4F42B10060D814 /* BrazeSDKwithstoryboard */ = {
			isa = PBXNativeTarget;
			buildConfigurationList = 5C7B88DB2B4F42B40060D814 /* Build configuration list for PBXNativeTarget "BrazeSDKwithstoryboard" */;
			buildPhases = (
				5C7B88C32B4F42B10060D814 /* Sources */,
				5C7B88C42B4F42B10060D814 /* Frameworks */,
				5C7B88C52B4F42B10060D814 /* Resources */,
			);
			buildRules = (
			);
			dependencies = (
			);
			name = BrazeSDKwithstoryboard;
			packageProductDependencies = (
				5C7B88DF2B4F431B0060D814 /* BrazeKit */,
				5C7B88E12B4F431B0060D814 /* BrazeKitCompat */,
				5C7B88E32B4F431B0060D814 /* BrazeLocation */,
				5C7B88E52B4F431B0060D814 /* BrazeNotificationService */,
				5C7B88E72B4F431B0060D814 /* BrazePushStory */,
			);
			productName = BrazeSDKwithstoryboard;
			productReference = 5C7B88C72B4F42B10060D814 /* BrazeSDKwithstoryboard.app */;
			productType = "com.apple.product-type.application";
		};
/* End PBXNativeTarget section */

/* Begin PBXProject section */
		5C7B88BF2B4F42B10060D814 /* Project object */ = {
			isa = PBXProject;
			attributes = {
				BuildIndependentTargetsInParallel = 1;
				LastSwiftUpdateCheck = 1520;
				LastUpgradeCheck = 1520;
				TargetAttributes = {
					5C7B88C62B4F42B10060D814 = {
						CreatedOnToolsVersion = 15.2;
					};
				};
			};
			buildConfigurationList = 5C7B88C22B4F42B10060D814 /* Build configuration list for PBXProject "BrazeSDKwithstoryboard" */;
			compatibilityVersion = "Xcode 14.0";
			developmentRegion = en;
			hasScannedForEncodings = 0;
			knownRegions = (
				en,
				Base,
			);
			mainGroup = 5C7B88BE2B4F42B10060D814;
			packageReferences = (
				5C7B88DE2B4F431B0060D814 /* XCRemoteSwiftPackageReference "braze-swift-sdk" */,
			);
			productRefGroup = 5C7B88C82B4F42B10060D814 /* Products */;
			projectDirPath = "";
			projectRoot = "";
			targets = (
				5C7B88C62B4F42B10060D814 /* BrazeSDKwithstoryboard */,
			);
		};
/* End PBXProject section */

/* Begin PBXResourcesBuildPhase section */
		5C7B88C52B4F42B10060D814 /* Resources */ = {
			isa = PBXResourcesBuildPhase;
			buildActionMask = 2147483647;
			files = (
				5C7B88D72B4F42B40060D814 /* LaunchScreen.storyboard in Resources */,
				5C7B88D42B4F42B40060D814 /* Assets.xcassets in Resources */,
				5C7B88D22B4F42B10060D814 /* Main.storyboard in Resources */,
			);
			runOnlyForDeploymentPostprocessing = 0;
		};
/* End PBXResourcesBuildPhase section */

/* Begin PBXSourcesBuildPhase section */
		5C7B88C32B4F42B10060D814 /* Sources */ = {
			isa = PBXSourcesBuildPhase;
			buildActionMask = 2147483647;
			files = (
				5C7B88CF2B4F42B10060D814 /* ViewController.swift in Sources */,
				5C7B88CB2B4F42B10060D814 /* AppDelegate.swift in Sources */,
				5C7B88CD2B4F42B10060D814 /* SceneDelegate.swift in Sources */,
			);
			runOnlyForDeploymentPostprocessing = 0;
		};
/* End PBXSourcesBuildPhase section */

/* Begin PBXVariantGroup section */
		5C7B88D02B4F42B10060D814 /* Main.storyboard */ = {
			isa = PBXVariantGroup;
			children = (
				5C7B88D12B4F42B10060D814 /* Base */,
			);
			name = Main.storyboard;
			sourceTree = "<group>";
		};
		5C7B88D52B4F42B40060D814 /* LaunchScreen.storyboard */ = {
			isa = PBXVariantGroup;
			children = (
				5C7B88D62B4F42B40060D814 /* Base */,
			);
			name = LaunchScreen.storyboard;
			sourceTree = "<group>";
		};
/* End PBXVariantGroup section */

/* Begin XCBuildConfiguration section */
		5C7B88D92B4F42B40060D814 /* Debug */ = {
			isa = XCBuildConfiguration;
			buildSettings = {
				ALWAYS_SEARCH_USER_PATHS = NO;
				ASSETCATALOG_COMPILER_GENERATE_SWIFT_ASSET_SYMBOL_EXTENSIONS = YES;
				CLANG_ANALYZER_NONNULL = YES;
				CLANG_ANALYZER_NUMBER_OBJECT_CONVERSION = YES_AGGRESSIVE;
				CLANG_CXX_LANGUAGE_STANDARD = "gnu++20";
				CLANG_ENABLE_MODULES = YES;
				CLANG_ENABLE_OBJC_ARC = YES;
				CLANG_ENABLE_OBJC_WEAK = YES;
				CLANG_WARN_BLOCK_CAPTURE_AUTORELEASING = YES;
				CLANG_WARN_BOOL_CONVERSION = YES;
				CLANG_WARN_COMMA = YES;
				CLANG_WARN_CONSTANT_CONVERSION = YES;
				CLANG_WARN_DEPRECATED_OBJC_IMPLEMENTATIONS = YES;
				CLANG_WARN_DIRECT_OBJC_ISA_USAGE = YES_ERROR;
				CLANG_WARN_DOCUMENTATION_COMMENTS = YES;
				CLANG_WARN_EMPTY_BODY = YES;
				CLANG_WARN_ENUM_CONVERSION = YES;
				CLANG_WARN_INFINITE_RECURSION = YES;
				CLANG_WARN_INT_CONVERSION = YES;
				CLANG_WARN_NON_LITERAL_NULL_CONVERSION = YES;
				CLANG_WARN_OBJC_IMPLICIT_RETAIN_SELF = YES;
				CLANG_WARN_OBJC_LITERAL_CONVERSION = YES;
				CLANG_WARN_OBJC_ROOT_CLASS = YES_ERROR;
				CLANG_WARN_QUOTED_INCLUDE_IN_FRAMEWORK_HEADER = YES;
				CLANG_WARN_RANGE_LOOP_ANALYSIS = YES;
				CLANG_WARN_STRICT_PROTOTYPES = YES;
				CLANG_WARN_SUSPICIOUS_MOVE = YES;
				CLANG_WARN_UNGUARDED_AVAILABILITY = YES_AGGRESSIVE;
				CLANG_WARN_UNREACHABLE_CODE = YES;
				CLANG_WARN__DUPLICATE_METHOD_MATCH = YES;
				COPY_PHASE_STRIP = NO;
				DEBUG_INFORMATION_FORMAT = dwarf;
				ENABLE_STRICT_OBJC_MSGSEND = YES;
				ENABLE_TESTABILITY = YES;
				ENABLE_USER_SCRIPT_SANDBOXING = YES;
				GCC_C_LANGUAGE_STANDARD = gnu17;
				GCC_DYNAMIC_NO_PIC = NO;
				GCC_NO_COMMON_BLOCKS = YES;
				GCC_OPTIMIZATION_LEVEL = 0;
				GCC_PREPROCESSOR_DEFINITIONS = (
					"DEBUG=1",
					"$(inherited)",
				);
				GCC_WARN_64_TO_32_BIT_CONVERSION = YES;
				GCC_WARN_ABOUT_RETURN_TYPE = YES_ERROR;
				GCC_WARN_UNDECLARED_SELECTOR = YES;
				GCC_WARN_UNINITIALIZED_AUTOS = YES_AGGRESSIVE;
				GCC_WARN_UNUSED_FUNCTION = YES;
				GCC_WARN_UNUSED_VARIABLE = YES;
				IPHONEOS_DEPLOYMENT_TARGET = 17.2;
				LOCALIZATION_PREFERS_STRING_CATALOGS = YES;
				MTL_ENABLE_DEBUG_INFO = INCLUDE_SOURCE;
				MTL_FAST_MATH = YES;
				ONLY_ACTIVE_ARCH = YES;
				SDKROOT = iphoneos;
				SWIFT_ACTIVE_COMPILATION_CONDITIONS = "DEBUG $(inherited)";
				SWIFT_OPTIMIZATION_LEVEL = "-Onone";
			};
			name = Debug;
		};
		5C7B88DA2B4F42B40060D814 /* Release */ = {
			isa = XCBuildConfiguration;
			buildSettings = {
				ALWAYS_SEARCH_USER_PATHS = NO;
				ASSETCATALOG_COMPILER_GENERATE_SWIFT_ASSET_SYMBOL_EXTENSIONS = YES;
				CLANG_ANALYZER_NONNULL = YES;
				CLANG_ANALYZER_NUMBER_OBJECT_CONVERSION = YES_AGGRESSIVE;
				CLANG_CXX_LANGUAGE_STANDARD = "gnu++20";
				CLANG_ENABLE_MODULES = YES;
				CLANG_ENABLE_OBJC_ARC = YES;
				CLANG_ENABLE_OBJC_WEAK = YES;
				CLANG_WARN_BLOCK_CAPTURE_AUTORELEASING = YES;
				CLANG_WARN_BOOL_CONVERSION = YES;
				CLANG_WARN_COMMA = YES;
				CLANG_WARN_CONSTANT_CONVERSION = YES;
				CLANG_WARN_DEPRECATED_OBJC_IMPLEMENTATIONS = YES;
				CLANG_WARN_DIRECT_OBJC_ISA_USAGE = YES_ERROR;
				CLANG_WARN_DOCUMENTATION_COMMENTS = YES;
				CLANG_WARN_EMPTY_BODY = YES;
				CLANG_WARN_ENUM_CONVERSION = YES;
				CLANG_WARN_INFINITE_RECURSION = YES;
				CLANG_WARN_INT_CONVERSION = YES;
				CLANG_WARN_NON_LITERAL_NULL_CONVERSION = YES;
				CLANG_WARN_OBJC_IMPLICIT_RETAIN_SELF = YES;
				CLANG_WARN_OBJC_LITERAL_CONVERSION = YES;
				CLANG_WARN_OBJC_ROOT_CLASS = YES_ERROR;
				CLANG_WARN_QUOTED_INCLUDE_IN_FRAMEWORK_HEADER = YES;
				CLANG_WARN_RANGE_LOOP_ANALYSIS = YES;
				CLANG_WARN_STRICT_PROTOTYPES = YES;
				CLANG_WARN_SUSPICIOUS_MOVE = YES;
				CLANG_WARN_UNGUARDED_AVAILABILITY = YES_AGGRESSIVE;
				CLANG_WARN_UNREACHABLE_CODE = YES;
				CLANG_WARN__DUPLICATE_METHOD_MATCH = YES;
				COPY_PHASE_STRIP = NO;
				DEBUG_INFORMATION_FORMAT = "dwarf-with-dsym";
				ENABLE_NS_ASSERTIONS = NO;
				ENABLE_STRICT_OBJC_MSGSEND = YES;
				ENABLE_USER_SCRIPT_SANDBOXING = YES;
				GCC_C_LANGUAGE_STANDARD = gnu17;
				GCC_NO_COMMON_BLOCKS = YES;
				GCC_WARN_64_TO_32_BIT_CONVERSION = YES;
				GCC_WARN_ABOUT_RETURN_TYPE = YES_ERROR;
				GCC_WARN_UNDECLARED_SELECTOR = YES;
				GCC_WARN_UNINITIALIZED_AUTOS = YES_AGGRESSIVE;
				GCC_WARN_UNUSED_FUNCTION = YES;
				GCC_WARN_UNUSED_VARIABLE = YES;
				IPHONEOS_DEPLOYMENT_TARGET = 17.2;
				LOCALIZATION_PREFERS_STRING_CATALOGS = YES;
				MTL_ENABLE_DEBUG_INFO = NO;
				MTL_FAST_MATH = YES;
				SDKROOT = iphoneos;
				SWIFT_COMPILATION_MODE = wholemodule;
				VALIDATE_PRODUCT = YES;
			};
			name = Release;
		};
		5C7B88DC2B4F42B40060D814 /* Debug */ = {
			isa = XCBuildConfiguration;
			buildSettings = {
				ASSETCATALOG_COMPILER_APPICON_NAME = AppIcon;
				ASSETCATALOG_COMPILER_GLOBAL_ACCENT_COLOR_NAME = AccentColor;
				CODE_SIGN_STYLE = Automatic;
				CURRENT_PROJECT_VERSION = 1;
				GENERATE_INFOPLIST_FILE = YES;
				INFOPLIST_FILE = BrazeSDKwithstoryboard/Info.plist;
				INFOPLIST_KEY_UIApplicationSupportsIndirectInputEvents = YES;
				INFOPLIST_KEY_UILaunchStoryboardName = LaunchScreen;
				INFOPLIST_KEY_UIMainStoryboardFile = Main;
				INFOPLIST_KEY_UISupportedInterfaceOrientations_iPad = "UIInterfaceOrientationPortrait UIInterfaceOrientationPortraitUpsideDown UIInterfaceOrientationLandscapeLeft UIInterfaceOrientationLandscapeRight";
				INFOPLIST_KEY_UISupportedInterfaceOrientations_iPhone = "UIInterfaceOrientationPortrait UIInterfaceOrientationLandscapeLeft UIInterfaceOrientationLandscapeRight";
				LD_RUNPATH_SEARCH_PATHS = (
					"$(inherited)",
					"@executable_path/Frameworks",
				);
				MARKETING_VERSION = 1.0;
				PRODUCT_BUNDLE_IDENTIFIER = com.ryandusenbury.BrazeSDKwithstoryboard;
				PRODUCT_NAME = "$(TARGET_NAME)";
				SWIFT_EMIT_LOC_STRINGS = YES;
				SWIFT_VERSION = 5.0;
				TARGETED_DEVICE_FAMILY = "1,2";
			};
			name = Debug;
		};
		5C7B88DD2B4F42B40060D814 /* Release */ = {
			isa = XCBuildConfiguration;
			buildSettings = {
				ASSETCATALOG_COMPILER_APPICON_NAME = AppIcon;
				ASSETCATALOG_COMPILER_GLOBAL_ACCENT_COLOR_NAME = AccentColor;
				CODE_SIGN_STYLE = Automatic;
				CURRENT_PROJECT_VERSION = 1;
				GENERATE_INFOPLIST_FILE = YES;
				INFOPLIST_FILE = BrazeSDKwithstoryboard/Info.plist;
				INFOPLIST_KEY_UIApplicationSupportsIndirectInputEvents = YES;
				INFOPLIST_KEY_UILaunchStoryboardName = LaunchScreen;
				INFOPLIST_KEY_UIMainStoryboardFile = Main;
				INFOPLIST_KEY_UISupportedInterfaceOrientations_iPad = "UIInterfaceOrientationPortrait UIInterfaceOrientationPortraitUpsideDown UIInterfaceOrientationLandscapeLeft UIInterfaceOrientationLandscapeRight";
				INFOPLIST_KEY_UISupportedInterfaceOrientations_iPhone = "UIInterfaceOrientationPortrait UIInterfaceOrientationLandscapeLeft UIInterfaceOrientationLandscapeRight";
				LD_RUNPATH_SEARCH_PATHS = (
					"$(inherited)",
					"@executable_path/Frameworks",
				);
				MARKETING_VERSION = 1.0;
				PRODUCT_BUNDLE_IDENTIFIER = com.ryandusenbury.BrazeSDKwithstoryboard;
				PRODUCT_NAME = "$(TARGET_NAME)";
				SWIFT_EMIT_LOC_STRINGS = YES;
				SWIFT_VERSION = 5.0;
				TARGETED_DEVICE_FAMILY = "1,2";
			};
			name = Release;
		};
/* End XCBuildConfiguration section */

/* Begin XCConfigurationList section */
		5C7B88C22B4F42B10060D814 /* Build configuration list for PBXProject "BrazeSDKwithstoryboard" */ = {
			isa = XCConfigurationList;
			buildConfigurations = (
				5C7B88D92B4F42B40060D814 /* Debug */,
				5C7B88DA2B4F42B40060D814 /* Release */,
			);
			defaultConfigurationIsVisible = 0;
			defaultConfigurationName = Release;
		};
		5C7B88DB2B4F42B40060D814 /* Build configuration list for PBXNativeTarget "BrazeSDKwithstoryboard" */ = {
			isa = XCConfigurationList;
			buildConfigurations = (
				5C7B88DC2B4F42B40060D814 /* Debug */,
				5C7B88DD2B4F42B40060D814 /* Release */,
			);
			defaultConfigurationIsVisible = 0;
			defaultConfigurationName = Release;
		};
/* End XCConfigurationList section */

/* Begin XCRemoteSwiftPackageReference section */
		5C7B88DE2B4F431B0060D814 /* XCRemoteSwiftPackageReference "braze-swift-sdk" */ = {
			isa = XCRemoteSwiftPackageReference;
			repositoryURL = "https://github.com/braze-inc/braze-swift-sdk";
			requirement = {
				kind = upToNextMajorVersion;
				minimumVersion = 7.5.0;
			};
		};
/* End XCRemoteSwiftPackageReference section */

/* Begin XCSwiftPackageProductDependency section */
		5C7B88DF2B4F431B0060D814 /* BrazeKit */ = {
			isa = XCSwiftPackageProductDependency;
			package = 5C7B88DE2B4F431B0060D814 /* XCRemoteSwiftPackageReference "braze-swift-sdk" */;
			productName = BrazeKit;
		};
		5C7B88E12B4F431B0060D814 /* BrazeKitCompat */ = {
			isa = XCSwiftPackageProductDependency;
			package = 5C7B88DE2B4F431B0060D814 /* XCRemoteSwiftPackageReference "braze-swift-sdk" */;
			productName = BrazeKitCompat;
		};
		5C7B88E32B4F431B0060D814 /* BrazeLocation */ = {
			isa = XCSwiftPackageProductDependency;
			package = 5C7B88DE2B4F431B0060D814 /* XCRemoteSwiftPackageReference "braze-swift-sdk" */;
			productName = BrazeLocation;
		};
		5C7B88E52B4F431B0060D814 /* BrazeNotificationService */ = {
			isa = XCSwiftPackageProductDependency;
			package = 5C7B88DE2B4F431B0060D814 /* XCRemoteSwiftPackageReference "braze-swift-sdk" */;
			productName = BrazeNotificationService;
		};
		5C7B88E72B4F431B0060D814 /* BrazePushStory */ = {
			isa = XCSwiftPackageProductDependency;
			package = 5C7B88DE2B4F431B0060D814 /* XCRemoteSwiftPackageReference "braze-swift-sdk" */;
			productName = BrazePushStory;
		};
/* End XCSwiftPackageProductDependency section */
	};
	rootObject = 5C7B88BF2B4F42B10060D814 /* Project object */;
}
